// !$*UTF8*$!
{
	archiveVersion = 1;
	classes = {
	};
	objectVersion = 55;
	objects = {

/* Begin PBXBuildFile section */
		2C3F915827DB825D0083962D /* AppDelegate.swift in Sources */ = {isa = PBXBuildFile; fileRef = 2C3F915727DB825D0083962D /* AppDelegate.swift */; };
		2C3F915A27DB825D0083962D /* SceneDelegate.swift in Sources */ = {isa = PBXBuildFile; fileRef = 2C3F915927DB825D0083962D /* SceneDelegate.swift */; };
		2C3F915C27DB825D0083962D /* LoginViewController.swift in Sources */ = {isa = PBXBuildFile; fileRef = 2C3F915B27DB825D0083962D /* LoginViewController.swift */; };
		2C3F915F27DB825D0083962D /* Main.storyboard in Resources */ = {isa = PBXBuildFile; fileRef = 2C3F915D27DB825D0083962D /* Main.storyboard */; };
		2C3F916127DB82640083962D /* Assets.xcassets in Resources */ = {isa = PBXBuildFile; fileRef = 2C3F916027DB82640083962D /* Assets.xcassets */; };
		2C3F916427DB82640083962D /* LaunchScreen.storyboard in Resources */ = {isa = PBXBuildFile; fileRef = 2C3F916227DB82640083962D /* LaunchScreen.storyboard */; };
		2C3F916F27E31E090083962D /* ProductsViewController.swift in Sources */ = {isa = PBXBuildFile; fileRef = 2C3F916E27E31E090083962D /* ProductsViewController.swift */; };
		2C3F917227E322320083962D /* ProductTableViewCell.swift in Sources */ = {isa = PBXBuildFile; fileRef = 2C3F917027E322320083962D /* ProductTableViewCell.swift */; };
		2C3F917327E322320083962D /* ProductTableViewCell.xib in Resources */ = {isa = PBXBuildFile; fileRef = 2C3F917127E322320083962D /* ProductTableViewCell.xib */; };
		2C9A39E027EB5C2D001B9C53 /* ProductDetailViewController.swift in Sources */ = {isa = PBXBuildFile; fileRef = 2C9A39DF27EB5C2D001B9C53 /* ProductDetailViewController.swift */; };
		2CF25FB027EB1D6400455502 /* RegisterViewController.swift in Sources */ = {isa = PBXBuildFile; fileRef = 2CF25FAF27EB1D6400455502 /* RegisterViewController.swift */; };
/* End PBXBuildFile section */

/* Begin PBXFileReference section */
		2C3F915427DB825D0083962D /* InternProducts.app */ = {isa = PBXFileReference; explicitFileType = wrapper.application; includeInIndex = 0; path = InternProducts.app; sourceTree = BUILT_PRODUCTS_DIR; };
		2C3F915727DB825D0083962D /* AppDelegate.swift */ = {isa = PBXFileReference; lastKnownFileType = sourcecode.swift; path = AppDelegate.swift; sourceTree = "<group>"; };
		2C3F915927DB825D0083962D /* SceneDelegate.swift */ = {isa = PBXFileReference; lastKnownFileType = sourcecode.swift; path = SceneDelegate.swift; sourceTree = "<group>"; };
		2C3F915B27DB825D0083962D /* LoginViewController.swift */ = {isa = PBXFileReference; lastKnownFileType = sourcecode.swift; path = LoginViewController.swift; sourceTree = "<group>"; };
		2C3F915E27DB825D0083962D /* Base */ = {isa = PBXFileReference; lastKnownFileType = file.storyboard; name = Base; path = Base.lproj/Main.storyboard; sourceTree = "<group>"; };
		2C3F916027DB82640083962D /* Assets.xcassets */ = {isa = PBXFileReference; lastKnownFileType = folder.assetcatalog; path = Assets.xcassets; sourceTree = "<group>"; };
		2C3F916327DB82640083962D /* Base */ = {isa = PBXFileReference; lastKnownFileType = file.storyboard; name = Base; path = Base.lproj/LaunchScreen.storyboard; sourceTree = "<group>"; };
		2C3F916527DB82640083962D /* Info.plist */ = {isa = PBXFileReference; lastKnownFileType = text.plist.xml; path = Info.plist; sourceTree = "<group>"; };
		2C3F916E27E31E090083962D /* ProductsViewController.swift */ = {isa = PBXFileReference; lastKnownFileType = sourcecode.swift; path = ProductsViewController.swift; sourceTree = "<group>"; };
		2C3F917027E322320083962D /* ProductTableViewCell.swift */ = {isa = PBXFileReference; lastKnownFileType = sourcecode.swift; path = ProductTableViewCell.swift; sourceTree = "<group>"; };
		2C3F917127E322320083962D /* ProductTableViewCell.xib */ = {isa = PBXFileReference; lastKnownFileType = file.xib; path = ProductTableViewCell.xib; sourceTree = "<group>"; };
		2C9A39DF27EB5C2D001B9C53 /* ProductDetailViewController.swift */ = {isa = PBXFileReference; lastKnownFileType = sourcecode.swift; path = ProductDetailViewController.swift; sourceTree = "<group>"; };
		2CF25FAF27EB1D6400455502 /* RegisterViewController.swift */ = {isa = PBXFileReference; lastKnownFileType = sourcecode.swift; path = RegisterViewController.swift; sourceTree = "<group>"; };
/* End PBXFileReference section */

/* Begin PBXFrameworksBuildPhase section */
		2C3F915127DB825D0083962D /* Frameworks */ = {
			isa = PBXFrameworksBuildPhase;
			buildActionMask = 2147483647;
			files = (
			);
			runOnlyForDeploymentPostprocessing = 0;
		};
/* End PBXFrameworksBuildPhase section */

/* Begin PBXGroup section */
		2C3F914B27DB825D0083962D = {
			isa = PBXGroup;
			children = (
				2C3F915627DB825D0083962D /* InternProducts */,
				2C3F915527DB825D0083962D /* Products */,
			);
			sourceTree = "<group>";
		};
		2C3F915527DB825D0083962D /* Products */ = {
			isa = PBXGroup;
			children = (
				2C3F915427DB825D0083962D /* InternProducts.app */,
			);
			name = Products;
			sourceTree = "<group>";
		};
		2C3F915627DB825D0083962D /* InternProducts */ = {
			isa = PBXGroup;
			children = (
				2C3F917427E3225A0083962D /* Views */,
				2C3F915927DB825D0083962D /* SceneDelegate.swift */,
				2C3F915B27DB825D0083962D /* LoginViewController.swift */,
				2CF25FAF27EB1D6400455502 /* RegisterViewController.swift */,
				2C3F916E27E31E090083962D /* ProductsViewController.swift */,
				2C9A39DF27EB5C2D001B9C53 /* ProductDetailViewController.swift */,
				2C3F915D27DB825D0083962D /* Main.storyboard */,
				2C3F916527DB82640083962D /* Info.plist */,
				2C3F916B27DB83B40083962D /* Supporting files */,
			);
			path = InternProducts;
			sourceTree = "<group>";
		};
		2C3F916B27DB83B40083962D /* Supporting files */ = {
			isa = PBXGroup;
			children = (
				2C3F915727DB825D0083962D /* AppDelegate.swift */,
				2C3F916027DB82640083962D /* Assets.xcassets */,
				2C3F916227DB82640083962D /* LaunchScreen.storyboard */,
			);
			path = "Supporting files";
			sourceTree = "<group>";
		};
		2C3F917427E3225A0083962D /* Views */ = {
			isa = PBXGroup;
			children = (
				2C3F917027E322320083962D /* ProductTableViewCell.swift */,
				2C3F917127E322320083962D /* ProductTableViewCell.xib */,
			);
			path = Views;
			sourceTree = "<group>";
		};
/* End PBXGroup section */

/* Begin PBXNativeTarget section */
		2C3F915327DB825D0083962D /* InternProducts */ = {
			isa = PBXNativeTarget;
			buildConfigurationList = 2C3F916827DB82640083962D /* Build configuration list for PBXNativeTarget "InternProducts" */;
			buildPhases = (
				2C3F915027DB825D0083962D /* Sources */,
				2C3F915127DB825D0083962D /* Frameworks */,
				2C3F915227DB825D0083962D /* Resources */,
			);
			buildRules = (
			);
			dependencies = (
			);
			name = InternProducts;
			productName = InternProducts;
			productReference = 2C3F915427DB825D0083962D /* InternProducts.app */;
			productType = "com.apple.product-type.application";
		};
/* End PBXNativeTarget section */

/* Begin PBXProject section */
		2C3F914C27DB825D0083962D /* Project object */ = {
			isa = PBXProject;
			attributes = {
				BuildIndependentTargetsInParallel = 1;
				LastSwiftUpdateCheck = 1320;
				LastUpgradeCheck = 1320;
				TargetAttributes = {
					2C3F915327DB825D0083962D = {
						CreatedOnToolsVersion = 13.2.1;
					};
				};
			};
			buildConfigurationList = 2C3F914F27DB825D0083962D /* Build configuration list for PBXProject "InternProducts" */;
			compatibilityVersion = "Xcode 13.0";
			developmentRegion = en;
			hasScannedForEncodings = 0;
			knownRegions = (
				en,
				Base,
			);
			mainGroup = 2C3F914B27DB825D0083962D;
			productRefGroup = 2C3F915527DB825D0083962D /* Products */;
			projectDirPath = "";
			projectRoot = "";
			targets = (
				2C3F915327DB825D0083962D /* InternProducts */,
			);
		};
/* End PBXProject section */

/* Begin PBXResourcesBuildPhase section */
		2C3F915227DB825D0083962D /* Resources */ = {
			isa = PBXResourcesBuildPhase;
			buildActionMask = 2147483647;
			files = (
				2C3F916427DB82640083962D /* LaunchScreen.storyboard in Resources */,
				2C3F917327E322320083962D /* ProductTableViewCell.xib in Resources */,
				2C3F916127DB82640083962D /* Assets.xcassets in Resources */,
				2C3F915F27DB825D0083962D /* Main.storyboard in Resources */,
			);
			runOnlyForDeploymentPostprocessing = 0;
		};
/* End PBXResourcesBuildPhase section */

/* Begin PBXSourcesBuildPhase section */
		2C3F915027DB825D0083962D /* Sources */ = {
			isa = PBXSourcesBuildPhase;
			buildActionMask = 2147483647;
			files = (
				2C3F915C27DB825D0083962D /* LoginViewController.swift in Sources */,
				2C3F915827DB825D0083962D /* AppDelegate.swift in Sources */,
				2C9A39E027EB5C2D001B9C53 /* ProductDetailViewController.swift in Sources */,
				2C3F917227E322320083962D /* ProductTableViewCell.swift in Sources */,
				2CF25FB027EB1D6400455502 /* RegisterViewController.swift in Sources */,
				2C3F916F27E31E090083962D /* ProductsViewController.swift in Sources */,
				2C3F915A27DB825D0083962D /* SceneDelegate.swift in Sources */,
			);
			runOnlyForDeploymentPostprocessing = 0;
		};
/* End PBXSourcesBuildPhase section */

/* Begin PBXVariantGroup section */
		2C3F915D27DB825D0083962D /* Main.storyboard */ = {
			isa = PBXVariantGroup;
			children = (
				2C3F915E27DB825D0083962D /* Base */,
			);
			name = Main.storyboard;
			sourceTree = "<group>";
		};
		2C3F916227DB82640083962D /* LaunchScreen.storyboard */ = {
			isa = PBXVariantGroup;
			children = (
				2C3F916327DB82640083962D /* Base */,
			);
			name = LaunchScreen.storyboard;
			sourceTree = "<group>";
		};
/* End PBXVariantGroup section */

/* Begin XCBuildConfiguration section */
		2C3F916627DB82640083962D /* Debug */ = {
			isa = XCBuildConfiguration;
			buildSettings = {
				ALWAYS_SEARCH_USER_PATHS = NO;
				CLANG_ANALYZER_NONNULL = YES;
				CLANG_ANALYZER_NUMBER_OBJECT_CONVERSION = YES_AGGRESSIVE;
				CLANG_CXX_LANGUAGE_STANDARD = "gnu++17";
				CLANG_CXX_LIBRARY = "libc++";
				CLANG_ENABLE_MODULES = YES;
				CLANG_ENABLE_OBJC_ARC = YES;
				CLANG_ENABLE_OBJC_WEAK = YES;
				CLANG_WARN_BLOCK_CAPTURE_AUTORELEASING = YES;
				CLANG_WARN_BOOL_CONVERSION = YES;
				CLANG_WARN_COMMA = YES;
				CLANG_WARN_CONSTANT_CONVERSION = YES;
				CLANG_WARN_DEPRECATED_OBJC_IMPLEMENTATIONS = YES;
				CLANG_WARN_DIRECT_OBJC_ISA_USAGE = YES_ERROR;
				CLANG_WARN_DOCUMENTATION_COMMENTS = YES;
				CLANG_WARN_EMPTY_BODY = YES;
				CLANG_WARN_ENUM_CONVERSION = YES;
				CLANG_WARN_INFINITE_RECURSION = YES;
				CLANG_WARN_INT_CONVERSION = YES;
				CLANG_WARN_NON_LITERAL_NULL_CONVERSION = YES;
				CLANG_WARN_OBJC_IMPLICIT_RETAIN_SELF = YES;
				CLANG_WARN_OBJC_LITERAL_CONVERSION = YES;
				CLANG_WARN_OBJC_ROOT_CLASS = YES_ERROR;
				CLANG_WARN_QUOTED_INCLUDE_IN_FRAMEWORK_HEADER = YES;
				CLANG_WARN_RANGE_LOOP_ANALYSIS = YES;
				CLANG_WARN_STRICT_PROTOTYPES = YES;
				CLANG_WARN_SUSPICIOUS_MOVE = YES;
				CLANG_WARN_UNGUARDED_AVAILABILITY = YES_AGGRESSIVE;
				CLANG_WARN_UNREACHABLE_CODE = YES;
				CLANG_WARN__DUPLICATE_METHOD_MATCH = YES;
				COPY_PHASE_STRIP = NO;
				DEBUG_INFORMATION_FORMAT = dwarf;
				ENABLE_STRICT_OBJC_MSGSEND = YES;
				ENABLE_TESTABILITY = YES;
				GCC_C_LANGUAGE_STANDARD = gnu11;
				GCC_DYNAMIC_NO_PIC = NO;
				GCC_NO_COMMON_BLOCKS = YES;
				GCC_OPTIMIZATION_LEVEL = 0;
				GCC_PREPROCESSOR_DEFINITIONS = (
					"DEBUG=1",
					"$(inherited)",
				);
				GCC_WARN_64_TO_32_BIT_CONVERSION = YES;
				GCC_WARN_ABOUT_RETURN_TYPE = YES_ERROR;
				GCC_WARN_UNDECLARED_SELECTOR = YES;
				GCC_WARN_UNINITIALIZED_AUTOS = YES_AGGRESSIVE;
				GCC_WARN_UNUSED_FUNCTION = YES;
				GCC_WARN_UNUSED_VARIABLE = YES;
				IPHONEOS_DEPLOYMENT_TARGET = 15.2;
				MTL_ENABLE_DEBUG_INFO = INCLUDE_SOURCE;
				MTL_FAST_MATH = YES;
				ONLY_ACTIVE_ARCH = YES;
				SDKROOT = iphoneos;
				SWIFT_ACTIVE_COMPILATION_CONDITIONS = DEBUG;
				SWIFT_OPTIMIZATION_LEVEL = "-Onone";
			};
			name = Debug;
		};
		2C3F916727DB82640083962D /* Release */ = {
			isa = XCBuildConfiguration;
			buildSettings = {
				ALWAYS_SEARCH_USER_PATHS = NO;
				CLANG_ANALYZER_NONNULL = YES;
				CLANG_ANALYZER_NUMBER_OBJECT_CONVERSION = YES_AGGRESSIVE;
				CLANG_CXX_LANGUAGE_STANDARD = "gnu++17";
				CLANG_CXX_LIBRARY = "libc++";
				CLANG_ENABLE_MODULES = YES;
				CLANG_ENABLE_OBJC_ARC = YES;
				CLANG_ENABLE_OBJC_WEAK = YES;
				CLANG_WARN_BLOCK_CAPTURE_AUTORELEASING = YES;
				CLANG_WARN_BOOL_CONVERSION = YES;
				CLANG_WARN_COMMA = YES;
				CLANG_WARN_CONSTANT_CONVERSION = YES;
				CLANG_WARN_DEPRECATED_OBJC_IMPLEMENTATIONS = YES;
				CLANG_WARN_DIRECT_OBJC_ISA_USAGE = YES_ERROR;
				CLANG_WARN_DOCUMENTATION_COMMENTS = YES;
				CLANG_WARN_EMPTY_BODY = YES;
				CLANG_WARN_ENUM_CONVERSION = YES;
				CLANG_WARN_INFINITE_RECURSION = YES;
				CLANG_WARN_INT_CONVERSION = YES;
				CLANG_WARN_NON_LITERAL_NULL_CONVERSION = YES;
				CLANG_WARN_OBJC_IMPLICIT_RETAIN_SELF = YES;
				CLANG_WARN_OBJC_LITERAL_CONVERSION = YES;
				CLANG_WARN_OBJC_ROOT_CLASS = YES_ERROR;
				CLANG_WARN_QUOTED_INCLUDE_IN_FRAMEWORK_HEADER = YES;
				CLANG_WARN_RANGE_LOOP_ANALYSIS = YES;
				CLANG_WARN_STRICT_PROTOTYPES = YES;
				CLANG_WARN_SUSPICIOUS_MOVE = YES;
				CLANG_WARN_UNGUARDED_AVAILABILITY = YES_AGGRESSIVE;
				CLANG_WARN_UNREACHABLE_CODE = YES;
				CLANG_WARN__DUPLICATE_METHOD_MATCH = YES;
				COPY_PHASE_STRIP = NO;
				DEBUG_INFORMATION_FORMAT = "dwarf-with-dsym";
				ENABLE_NS_ASSERTIONS = NO;
				ENABLE_STRICT_OBJC_MSGSEND = YES;
				GCC_C_LANGUAGE_STANDARD = gnu11;
				GCC_NO_COMMON_BLOCKS = YES;
				GCC_WARN_64_TO_32_BIT_CONVERSION = YES;
				GCC_WARN_ABOUT_RETURN_TYPE = YES_ERROR;
				GCC_WARN_UNDECLARED_SELECTOR = YES;
				GCC_WARN_UNINITIALIZED_AUTOS = YES_AGGRESSIVE;
				GCC_WARN_UNUSED_FUNCTION = YES;
				GCC_WARN_UNUSED_VARIABLE = YES;
				IPHONEOS_DEPLOYMENT_TARGET = 15.2;
				MTL_ENABLE_DEBUG_INFO = NO;
				MTL_FAST_MATH = YES;
				SDKROOT = iphoneos;
				SWIFT_COMPILATION_MODE = wholemodule;
				SWIFT_OPTIMIZATION_LEVEL = "-O";
				VALIDATE_PRODUCT = YES;
			};
			name = Release;
		};
		2C3F916927DB82640083962D /* Debug */ = {
			isa = XCBuildConfiguration;
			buildSettings = {
				ASSETCATALOG_COMPILER_APPICON_NAME = AppIcon;
				ASSETCATALOG_COMPILER_GLOBAL_ACCENT_COLOR_NAME = AccentColor;
				CODE_SIGN_STYLE = Automatic;
				CURRENT_PROJECT_VERSION = 1;
				DEVELOPMENT_TEAM = P8QAJY38AY;
				GENERATE_INFOPLIST_FILE = YES;
				INFOPLIST_FILE = InternProducts/Info.plist;
				INFOPLIST_KEY_UIApplicationSupportsIndirectInputEvents = YES;
				INFOPLIST_KEY_UILaunchStoryboardName = LaunchScreen;
				INFOPLIST_KEY_UIMainStoryboardFile = Main;
				INFOPLIST_KEY_UISupportedInterfaceOrientations_iPad = "UIInterfaceOrientationPortrait UIInterfaceOrientationPortraitUpsideDown UIInterfaceOrientationLandscapeLeft UIInterfaceOrientationLandscapeRight";
				INFOPLIST_KEY_UISupportedInterfaceOrientations_iPhone = "UIInterfaceOrientationPortrait UIInterfaceOrientationLandscapeLeft UIInterfaceOrientationLandscapeRight";
				LD_RUNPATH_SEARCH_PATHS = (
					"$(inherited)",
					"@executable_path/Frameworks",
				);
				MARKETING_VERSION = 1.0;
				PRODUCT_BUNDLE_IDENTIFIER = com.endava.InternProducts;
				PRODUCT_NAME = "$(TARGET_NAME)";
				SWIFT_EMIT_LOC_STRINGS = YES;
				SWIFT_VERSION = 5.0;
				TARGETED_DEVICE_FAMILY = "1,2";
			};
			name = Debug;
		};
		2C3F916A27DB82640083962D /* Release */ = {
			isa = XCBuildConfiguration;
			buildSettings = {
				ASSETCATALOG_COMPILER_APPICON_NAME = AppIcon;
				ASSETCATALOG_COMPILER_GLOBAL_ACCENT_COLOR_NAME = AccentColor;
				CODE_SIGN_STYLE = Automatic;
				CURRENT_PROJECT_VERSION = 1;
				DEVELOPMENT_TEAM = P8QAJY38AY;
				GENERATE_INFOPLIST_FILE = YES;
				INFOPLIST_FILE = InternProducts/Info.plist;
				INFOPLIST_KEY_UIApplicationSupportsIndirectInputEvents = YES;
				INFOPLIST_KEY_UILaunchStoryboardName = LaunchScreen;
				INFOPLIST_KEY_UIMainStoryboardFile = Main;
				INFOPLIST_KEY_UISupportedInterfaceOrientations_iPad = "UIInterfaceOrientationPortrait UIInterfaceOrientationPortraitUpsideDown UIInterfaceOrientationLandscapeLeft UIInterfaceOrientationLandscapeRight";
				INFOPLIST_KEY_UISupportedInterfaceOrientations_iPhone = "UIInterfaceOrientationPortrait UIInterfaceOrientationLandscapeLeft UIInterfaceOrientationLandscapeRight";
				LD_RUNPATH_SEARCH_PATHS = (
					"$(inherited)",
					"@executable_path/Frameworks",
				);
				MARKETING_VERSION = 1.0;
				PRODUCT_BUNDLE_IDENTIFIER = com.endava.InternProducts;
				PRODUCT_NAME = "$(TARGET_NAME)";
				SWIFT_EMIT_LOC_STRINGS = YES;
				SWIFT_VERSION = 5.0;
				TARGETED_DEVICE_FAMILY = "1,2";
			};
			name = Release;
		};
/* End XCBuildConfiguration section */

/* Begin XCConfigurationList section */
		2C3F914F27DB825D0083962D /* Build configuration list for PBXProject "InternProducts" */ = {
			isa = XCConfigurationList;
			buildConfigurations = (
				2C3F916627DB82640083962D /* Debug */,
				2C3F916727DB82640083962D /* Release */,
			);
			defaultConfigurationIsVisible = 0;
			defaultConfigurationName = Release;
		};
		2C3F916827DB82640083962D /* Build configuration list for PBXNativeTarget "InternProducts" */ = {
			isa = XCConfigurationList;
			buildConfigurations = (
				2C3F916927DB82640083962D /* Debug */,
				2C3F916A27DB82640083962D /* Release */,
			);
			defaultConfigurationIsVisible = 0;
			defaultConfigurationName = Release;
		};
/* End XCConfigurationList section */
	};
	rootObject = 2C3F914C27DB825D0083962D /* Project object */;
}
